
Microsoft Visual Studio Solution File, Format Version 12.00
# Visual Studio Version 16
VisualStudioVersion = 16.6.30114.105
MinimumVisualStudioVersion = 10.0.40219.1
Project("{FAE04EC0-301F-11D3-BF4B-00C04F79EFBC}") = "NetCoreConsoleApp", "NetCoreConsoleApp\NetCoreConsoleApp.csproj", "{C89773FA-18EC-43D7-A0E2-73181B923B9C}"
EndProject
Project("{FAE04EC0-301F-11D3-BF4B-00C04F79EFBC}") = "NetStandard20Lib", "NetStandard20Lib\NetStandard20Lib.csproj", "{3DB8A804-F56B-47F6-A129-29335523A43B}"
EndProject
Project("{FAE04EC0-301F-11D3-BF4B-00C04F79EFBC}") = "NetFramework40", "NetFramework40\NetFramework40.csproj", "{6F0EFEC4-2EDA-4174-8DC3-50CB3B3E1D26}"
EndProject
Project("{FAE04EC0-301F-11D3-BF4B-00C04F79EFBC}") = "NetFramework20", "NetFramework20\NetFramework20.csproj", "{AEFE5E0F-2688-4669-9550-56A9A8963018}"
EndProject
Global
	GlobalSection(SolutionConfigurationPlatforms) = preSolution
		Debug|Any CPU = Debug|Any CPU
		Debug|x64 = Debug|x64
		Debug|x86 = Debug|x86
		Release|Any CPU = Release|Any CPU
		Release|x64 = Release|x64
		Release|x86 = Release|x86
	EndGlobalSection
	GlobalSection(SolutionProperties) = preSolution
		HideSolutionNode = FALSE
	EndGlobalSection
	GlobalSection(ProjectConfigurationPlatforms) = postSolution
		{C89773FA-18EC-43D7-A0E2-73181B923B9C}.Debug|Any CPU.ActiveCfg = Debug|Any CPU
		{C89773FA-18EC-43D7-A0E2-73181B923B9C}.Debug|Any CPU.Build.0 = Debug|Any CPU
		{C89773FA-18EC-43D7-A0E2-73181B923B9C}.Debug|x64.ActiveCfg = Debug|Any CPU
		{C89773FA-18EC-43D7-A0E2-73181B923B9C}.Debug|x64.Build.0 = Debug|Any CPU
		{C89773FA-18EC-43D7-A0E2-73181B923B9C}.Debug|x86.ActiveCfg = Debug|Any CPU
		{C89773FA-18EC-43D7-A0E2-73181B923B9C}.Debug|x86.Build.0 = Debug|Any CPU
		{C89773FA-18EC-43D7-A0E2-73181B923B9C}.Release|Any CPU.ActiveCfg = Release|Any CPU
		{C89773FA-18EC-43D7-A0E2-73181B923B9C}.Release|Any CPU.Build.0 = Release|Any CPU
		{C89773FA-18EC-43D7-A0E2-73181B923B9C}.Release|x64.ActiveCfg = Release|Any CPU
		{C89773FA-18EC-43D7-A0E2-73181B923B9C}.Release|x64.Build.0 = Release|Any CPU
		{C89773FA-18EC-43D7-A0E2-73181B923B9C}.Release|x86.ActiveCfg = Release|Any CPU
		{C89773FA-18EC-43D7-A0E2-73181B923B9C}.Release|x86.Build.0 = Release|Any CPU
		{3DB8A804-F56B-47F6-A129-29335523A43B}.Debug|Any CPU.ActiveCfg = Debug|Any CPU
		{3DB8A804-F56B-47F6-A129-29335523A43B}.Debug|Any CPU.Build.0 = Debug|Any CPU
		{3DB8A804-F56B-47F6-A129-29335523A43B}.Debug|x64.ActiveCfg = Debug|Any CPU
		{3DB8A804-F56B-47F6-A129-29335523A43B}.Debug|x64.Build.0 = Debug|Any CPU
		{3DB8A804-F56B-47F6-A129-29335523A43B}.Debug|x86.ActiveCfg = Debug|Any CPU
		{3DB8A804-F56B-47F6-A129-29335523A43B}.Debug|x86.Build.0 = Debug|Any CPU
		{3DB8A804-F56B-47F6-A129-29335523A43B}.Release|Any CPU.ActiveCfg = Release|Any CPU
		{3DB8A804-F56B-47F6-A129-29335523A43B}.Release|Any CPU.Build.0 = Release|Any CPU
		{3DB8A804-F56B-47F6-A129-29335523A43B}.Release|x64.ActiveCfg = Release|Any CPU
		{3DB8A804-F56B-47F6-A129-29335523A43B}.Release|x64.Build.0 = Release|Any CPU
		{3DB8A804-F56B-47F6-A129-29335523A43B}.Release|x86.ActiveCfg = Release|Any CPU
		{3DB8A804-F56B-47F6-A129-29335523A43B}.Release|x86.Build.0 = Release|Any CPU
		{6F0EFEC4-2EDA-4174-8DC3-50CB3B3E1D26}.Debug|Any CPU.ActiveCfg = Debug|Any CPU
		{6F0EFEC4-2EDA-4174-8DC3-50CB3B3E1D26}.Debug|Any CPU.Build.0 = Debug|Any CPU
		{6F0EFEC4-2EDA-4174-8DC3-50CB3B3E1D26}.Debug|x64.ActiveCfg = Debug|Any CPU
		{6F0EFEC4-2EDA-4174-8DC3-50CB3B3E1D26}.Debug|x64.Build.0 = Debug|Any CPU
		{6F0EFEC4-2EDA-4174-8DC3-50CB3B3E1D26}.Debug|x86.ActiveCfg = Debug|Any CPU
		{6F0EFEC4-2EDA-4174-8DC3-50CB3B3E1D26}.Debug|x86.Build.0 = Debug|Any CPU
		{6F0EFEC4-2EDA-4174-8DC3-50CB3B3E1D26}.Release|Any CPU.ActiveCfg = Release|Any CPU
		{6F0EFEC4-2EDA-4174-8DC3-50CB3B3E1D26}.Release|Any CPU.Build.0 = Release|Any CPU
		{6F0EFEC4-2EDA-4174-8DC3-50CB3B3E1D26}.Release|x64.ActiveCfg = Release|Any CPU
		{6F0EFEC4-2EDA-4174-8DC3-50CB3B3E1D26}.Release|x64.Build.0 = Release|Any CPU
		{6F0EFEC4-2EDA-4174-8DC3-50CB3B3E1D26}.Release|x86.ActiveCfg = Release|Any CPU
		{6F0EFEC4-2EDA-4174-8DC3-50CB3B3E1D26}.Release|x86.Build.0 = Release|Any CPU
		{AEFE5E0F-2688-4669-9550-56A9A8963018}.Debug|Any CPU.ActiveCfg = Debug|Any CPU
		{AEFE5E0F-2688-4669-9550-56A9A8963018}.Debug|Any CPU.Build.0 = Debug|Any CPU
		{AEFE5E0F-2688-4669-9550-56A9A8963018}.Debug|x64.ActiveCfg = Debug|Any CPU
		{AEFE5E0F-2688-4669-9550-56A9A8963018}.Debug|x64.Build.0 = Debug|Any CPU
		{AEFE5E0F-2688-4669-9550-56A9A8963018}.Debug|x86.ActiveCfg = Debug|Any CPU
		{AEFE5E0F-2688-4669-9550-56A9A8963018}.Debug|x86.Build.0 = Debug|Any CPU
		{AEFE5E0F-2688-4669-9550-56A9A8963018}.Release|Any CPU.ActiveCfg = Release|Any CPU
		{AEFE5E0F-2688-4669-9550-56A9A8963018}.Release|Any CPU.Build.0 = Release|Any CPU
		{AEFE5E0F-2688-4669-9550-56A9A8963018}.Release|x64.ActiveCfg = Release|Any CPU
		{AEFE5E0F-2688-4669-9550-56A9A8963018}.Release|x64.Build.0 = Release|Any CPU
		{AEFE5E0F-2688-4669-9550-56A9A8963018}.Release|x86.ActiveCfg = Release|Any CPU
		{AEFE5E0F-2688-4669-9550-56A9A8963018}.Release|x86.Build.0 = Release|Any CPU
	EndGlobalSection
EndGlobal
